
Microsoft Visual Studio Solution File, Format Version 12.00
# Visual Studio Version 17
VisualStudioVersion = 17.1.32120.378
MinimumVisualStudioVersion = 10.0.40219.1
Project("{FAE04EC0-301F-11D3-BF4B-00C04F79EFBC}") = "FormUI", "FormUI\FormUI.csproj", "{F6BBE002-4BFD-4CBC-B385-8C0D3B02EAAF}"
EndProject
Global
	GlobalSection(SolutionConfigurationPlatforms) = preSolution
		Debug|Any CPU = Debug|Any CPU
		Release|Any CPU = Release|Any CPU
	EndGlobalSection
	GlobalSection(ProjectConfigurationPlatforms) = postSolution
		{F6BBE002-4BFD-4CBC-B385-8C0D3B02EAAF}.Debug|Any CPU.ActiveCfg = Debug|Any CPU
		{F6BBE002-4BFD-4CBC-B385-8C0D3B02EAAF}.Debug|Any CPU.Build.0 = Debug|Any CPU
		{F6BBE002-4BFD-4CBC-B385-8C0D3B02EAAF}.Release|Any CPU.ActiveCfg = Release|Any CPU
		{F6BBE002-4BFD-4CBC-B385-8C0D3B02EAAF}.Release|Any CPU.Build.0 = Release|Any CPU
	EndGlobalSection
	GlobalSection(SolutionProperties) = preSolution
		HideSolutionNode = FALSE
	EndGlobalSection
	GlobalSection(ExtensibilityGlobals) = postSolution
		SolutionGuid = {A99602B9-FD68-413F-83D1-4A7DAEB64010}
	EndGlobalSection
EndGlobal
